((aggressive-indent :source "elpaca-menu-lock-file" :recipe
                    (:package "aggressive-indent" :repo
                              "Malabarba/aggressive-indent-mode"
                              :fetcher github :files
                              ("*.el" "*.el.in" "dir" "*.info"
                               "*.texi" "*.texinfo" "doc/dir"
                               "doc/*.info" "doc/*.texi"
                               "doc/*.texinfo" "lisp/*.el" "docs/dir"
                               "docs/*.info" "docs/*.texi"
                               "docs/*.texinfo"
                               (:exclude ".dir-locals.el" "test.el"
                                         "tests.el" "*-test.el"
                                         "*-tests.el" "LICENSE"
                                         "README*" "*-pkg.el"))
                              :source "MELPA" :protocol https :inherit
                              t :depth treeless :ref
                              "a437a45868f94b77362c6b913c5ee8e67b273c42"))
 (cider :source "elpaca-menu-lock-file" :recipe
        (:package "cider" :fetcher github :repo "clojure-emacs/cider"
                  :files
                  ("lisp/*.el" "bin/*.sh" "*.el" "clojure.sh"
                   "lein.sh" (:exclude ".dir-locals.el"))
                  :old-names (nrepl) :source "MELPA" :protocol https
                  :inherit t :depth treeless :ref
                  "af63db156a89fc77a35b0f8a3c1ccddcfbf9af84"))
 (clj-deps-new :source "elpaca-menu-lock-file" :recipe
               (:package "clj-deps-new" :fetcher github :repo
                         "jpe90/emacs-clj-deps-new" :files
                         ("*.el" "*.el.in" "dir" "*.info" "*.texi"
                          "*.texinfo" "doc/dir" "doc/*.info"
                          "doc/*.texi" "doc/*.texinfo" "lisp/*.el"
                          "docs/dir" "docs/*.info" "docs/*.texi"
                          "docs/*.texinfo"
                          (:exclude ".dir-locals.el" "test.el"
                                    "tests.el" "*-test.el"
                                    "*-tests.el" "LICENSE" "README*"
                                    "*-pkg.el"))
                         :source "MELPA" :protocol https :inherit t
                         :depth treeless :ref
                         "ad386458b7d03df6bc2567d13423c0a30215e1fe"))
 (clojure-mode :source "elpaca-menu-lock-file" :recipe
               (:package "clojure-mode" :repo
                         "clojure-emacs/clojure-mode" :fetcher github
                         :files ("clojure-mode.el") :source "MELPA"
                         :protocol https :inherit t :depth treeless
                         :ref
                         "28dc02114ae70db6bb68d537ea77985f272120bc"))
 (cond-let :source "elpaca-menu-lock-file" :recipe
           (:package "cond-let" :fetcher github :repo
                     "tarsius/cond-let" :files
                     ("*.el" "*.el.in" "dir" "*.info" "*.texi"
                      "*.texinfo" "doc/dir" "doc/*.info" "doc/*.texi"
                      "doc/*.texinfo" "lisp/*.el" "docs/dir"
                      "docs/*.info" "docs/*.texi" "docs/*.texinfo"
                      (:exclude ".dir-locals.el" "test.el" "tests.el"
                                "*-test.el" "*-tests.el" "LICENSE"
                                "README*" "*-pkg.el"))
                     :source "MELPA" :protocol https :inherit t :depth
                     treeless :ref
                     "79a16e1f2428f0f79f03250b987bc79cd37a029e"))
 (consult :source "elpaca-menu-lock-file" :recipe
          (:package "consult" :repo "minad/consult" :fetcher github
                    :files
                    ("*.el" "*.el.in" "dir" "*.info" "*.texi"
                     "*.texinfo" "doc/dir" "doc/*.info" "doc/*.texi"
                     "doc/*.texinfo" "lisp/*.el" "docs/dir"
                     "docs/*.info" "docs/*.texi" "docs/*.texinfo"
                     (:exclude ".dir-locals.el" "test.el" "tests.el"
                               "*-test.el" "*-tests.el" "LICENSE"
                               "README*" "*-pkg.el"))
                    :source "MELPA" :protocol https :inherit t :depth
                    treeless :ref
                    "6e2aaf4cc1c90abc96c0d5b99b6db892b059a125"))
 (elpaca :source
   "elpaca-menu-lock-file" :recipe
   (:source nil :protocol https :inherit ignore :depth 1 :repo
            "https://github.com/progfolio/elpaca.git" :ref
            "8050db1d912c3b1e0f39b286ac340dbfda54ae4f" :files
            (:defaults "elpaca-test.el" (:exclude "extensions"))
            :build (:not elpaca--activate-package) :package "elpaca"))
 (elpaca-use-package :source "elpaca-menu-lock-file" :recipe
                     (:package "elpaca-use-package" :wait t :repo
                               "https://github.com/progfolio/elpaca.git"
                               :files
                               ("extensions/elpaca-use-package.el")
                               :main
                               "extensions/elpaca-use-package.el"
                               :build (:not elpaca--compile-info)
                               :source "Elpaca extensions" :protocol
                               https :inherit t :depth treeless :ref
                               "8050db1d912c3b1e0f39b286ac340dbfda54ae4f"))
 (ess :source "elpaca-menu-lock-file" :recipe
      (:package "ess" :repo "emacs-ess/ESS" :fetcher github :files
                ("lisp/*.el" "doc/ess.texi" ("etc" "etc/*")
                 ("obsolete" "lisp/obsolete/*") (:exclude "etc/other"))
                :source "MELPA" :protocol https :inherit t :depth
                treeless :ref
                "f8c464dc1b017b5397f8ec9955f7856493af1179"))
 (expand-region :source "elpaca-menu-lock-file" :recipe
                (:package "expand-region" :repo
                          "magnars/expand-region.el" :fetcher github
                          :files
                          ("*.el" "*.el.in" "dir" "*.info" "*.texi"
                           "*.texinfo" "doc/dir" "doc/*.info"
                           "doc/*.texi" "doc/*.texinfo" "lisp/*.el"
                           "docs/dir" "docs/*.info" "docs/*.texi"
                           "docs/*.texinfo"
                           (:exclude ".dir-locals.el" "test.el"
                                     "tests.el" "*-test.el"
                                     "*-tests.el" "LICENSE" "README*"
                                     "*-pkg.el"))
                          :source "MELPA" :protocol https :inherit t
                          :depth treeless :ref
                          "351279272330cae6cecea941b0033a8dd8bcc4e8"))
 (flycheck :source "elpaca-menu-lock-file" :recipe
           (:package "flycheck" :repo "flycheck/flycheck" :fetcher
                     github :files
                     ("*.el" "*.el.in" "dir" "*.info" "*.texi"
                      "*.texinfo" "doc/dir" "doc/*.info" "doc/*.texi"
                      "doc/*.texinfo" "lisp/*.el" "docs/dir"
                      "docs/*.info" "docs/*.texi" "docs/*.texinfo"
                      (:exclude ".dir-locals.el" "test.el" "tests.el"
                                "*-test.el" "*-tests.el" "LICENSE"
                                "README*" "*-pkg.el"))
                     :source "MELPA" :protocol https :inherit t :depth
                     treeless :ref
                     "8c0dbfaa463e69efb41ef2cda9c4e89b99e266a0"))
 (flycheck-clj-kondo :source "elpaca-menu-lock-file" :recipe
                     (:package "flycheck-clj-kondo" :fetcher github
                               :repo "borkdude/flycheck-clj-kondo"
                               :files
                               ("*.el" "*.el.in" "dir" "*.info"
                                "*.texi" "*.texinfo" "doc/dir"
                                "doc/*.info" "doc/*.texi"
                                "doc/*.texinfo" "lisp/*.el" "docs/dir"
                                "docs/*.info" "docs/*.texi"
                                "docs/*.texinfo"
                                (:exclude ".dir-locals.el" "test.el"
                                          "tests.el" "*-test.el"
                                          "*-tests.el" "LICENSE"
                                          "README*" "*-pkg.el"))
                               :source "MELPA" :protocol https
                               :inherit t :depth treeless :host github
                               :ref
                               "e38c67ba9db1ea1cbe1b61ab39b506c05efdcdbf"))
 (llama :source "elpaca-menu-lock-file" :recipe
        (:package "llama" :fetcher github :repo "tarsius/llama" :files
                  ("llama.el" ".dir-locals.el") :source "MELPA"
                  :protocol https :inherit t :depth treeless :ref
                  "ec1d4ef02f5572fc5aff3f62d3e7ef791f444456"))
 (magit :source "elpaca-menu-lock-file" :recipe
        (:package "magit" :fetcher github :repo "magit/magit" :files
                  ("lisp/magit*.el" "lisp/git-*.el" "docs/magit.texi"
                   "docs/AUTHORS.md" "LICENSE" ".dir-locals.el"
                   (:exclude "lisp/magit-section.el"))
                  :source "MELPA" :protocol https :inherit t :depth
                  treeless :ref
                  "e26f60b5aaa3ca0f71ac282018ce9c7d7a457c08"))
 (magit-section :source "elpaca-menu-lock-file" :recipe
                (:package "magit-section" :fetcher github :repo
                          "magit/magit" :files
                          ("lisp/magit-section.el"
                           "docs/magit-section.texi"
                           "magit-section-pkg.el")
                          :source "MELPA" :protocol https :inherit t
                          :depth treeless :ref
                          "e26f60b5aaa3ca0f71ac282018ce9c7d7a457c08"))
 (marginalia :source "elpaca-menu-lock-file" :recipe
             (:package "marginalia" :repo "minad/marginalia" :fetcher
                       github :files
                       ("*.el" "*.el.in" "dir" "*.info" "*.texi"
                        "*.texinfo" "doc/dir" "doc/*.info"
                        "doc/*.texi" "doc/*.texinfo" "lisp/*.el"
                        "docs/dir" "docs/*.info" "docs/*.texi"
                        "docs/*.texinfo"
                        (:exclude ".dir-locals.el" "test.el"
                                  "tests.el" "*-test.el" "*-tests.el"
                                  "LICENSE" "README*" "*-pkg.el"))
                       :source "MELPA" :protocol https :inherit t
                       :depth treeless :ref
                       "3c7fc3557c57205b23ecd7a214a982196c1c56dc"))
 (modus-themes :source "elpaca-menu-lock-file" :recipe
               (:package "modus-themes" :fetcher github :repo
                         "protesilaos/modus-themes" :files
                         ("*.el" "*.el.in" "dir" "*.info" "*.texi"
                          "*.texinfo" "doc/dir" "doc/*.info"
                          "doc/*.texi" "doc/*.texinfo" "lisp/*.el"
                          "docs/dir" "docs/*.info" "docs/*.texi"
                          "docs/*.texinfo"
                          (:exclude ".dir-locals.el" "test.el"
                                    "tests.el" "*-test.el"
                                    "*-tests.el" "LICENSE" "README*"
                                    "*-pkg.el"))
                         :source "MELPA" :protocol https :inherit t
                         :depth treeless :ref
                         "6f0e64daaa42d70720997a11c03e6805180a76c4"))
 (orderless :source "elpaca-menu-lock-file" :recipe
            (:package "orderless" :repo "oantolin/orderless" :fetcher
                      github :files
                      ("*.el" "*.el.in" "dir" "*.info" "*.texi"
                       "*.texinfo" "doc/dir" "doc/*.info" "doc/*.texi"
                       "doc/*.texinfo" "lisp/*.el" "docs/dir"
                       "docs/*.info" "docs/*.texi" "docs/*.texinfo"
                       (:exclude ".dir-locals.el" "test.el" "tests.el"
                                 "*-test.el" "*-tests.el" "LICENSE"
                                 "README*" "*-pkg.el"))
                      :source "MELPA" :protocol https :inherit t
                      :depth treeless :ref
                      "9cf1c90e2501566ceba59f3220b4630995004efd"))
 (paren-face :source "elpaca-menu-lock-file" :recipe
             (:package "paren-face" :fetcher github :repo
                       "tarsius/paren-face" :files ("paren-face.el")
                       :old-names (parenface) :source "MELPA"
                       :protocol https :inherit t :depth treeless :ref
                       "ccbf5f5a61f469e40bc7971e6b033d1ee35bf14d"))
 (parseclj :source "elpaca-menu-lock-file" :recipe
           (:package "parseclj" :repo "clojure-emacs/parseclj"
                     :fetcher github :files
                     ("*.el" "*.el.in" "dir" "*.info" "*.texi"
                      "*.texinfo" "doc/dir" "doc/*.info" "doc/*.texi"
                      "doc/*.texinfo" "lisp/*.el" "docs/dir"
                      "docs/*.info" "docs/*.texi" "docs/*.texinfo"
                      (:exclude ".dir-locals.el" "test.el" "tests.el"
                                "*-test.el" "*-tests.el" "LICENSE"
                                "README*" "*-pkg.el"))
                     :source "MELPA" :protocol https :inherit t :depth
                     treeless :ref
                     "6af22372e0fe14df882dd300b22b12ba2d7e00b0"))
 (parseedn :source "elpaca-menu-lock-file" :recipe
           (:package "parseedn" :repo "clojure-emacs/parseedn"
                     :fetcher github :files
                     ("*.el" "*.el.in" "dir" "*.info" "*.texi"
                      "*.texinfo" "doc/dir" "doc/*.info" "doc/*.texi"
                      "doc/*.texinfo" "lisp/*.el" "docs/dir"
                      "docs/*.info" "docs/*.texi" "docs/*.texinfo"
                      (:exclude ".dir-locals.el" "test.el" "tests.el"
                                "*-test.el" "*-tests.el" "LICENSE"
                                "README*" "*-pkg.el"))
                     :source "MELPA" :protocol https :inherit t :depth
                     treeless :ref
                     "3407e4530a367b6c2b857dae261cdbb67a440aaa"))
 (queue :source "elpaca-menu-lock-file" :recipe
        (:package "queue" :repo
                  ("https://git.savannah.gnu.org/git/emacs/elpa.git"
                   . "queue")
                  :branch "externals/queue" :files
                  ("*" (:exclude ".git")) :source "GNU ELPA" :protocol
                  https :inherit t :depth treeless :ref
                  "f986fb68e75bdae951efb9e11a3012ab6bd408ee"))
 (sesman :source "elpaca-menu-lock-file" :recipe
         (:package "sesman" :repo "vspinu/sesman" :fetcher github
                   :files
                   ("*.el" "*.el.in" "dir" "*.info" "*.texi"
                    "*.texinfo" "doc/dir" "doc/*.info" "doc/*.texi"
                    "doc/*.texinfo" "lisp/*.el" "docs/dir"
                    "docs/*.info" "docs/*.texi" "docs/*.texinfo"
                    (:exclude ".dir-locals.el" "test.el" "tests.el"
                              "*-test.el" "*-tests.el" "LICENSE"
                              "README*" "*-pkg.el"))
                   :source "MELPA" :protocol https :inherit t :depth
                   treeless :ref
                   "7bca68dbbab0af26a6a23be1ff5fa97f9a18e022"))
 (spinner :source "elpaca-menu-lock-file" :recipe
          (:package "spinner" :repo
                    ("https://github.com/Malabarba/spinner.el"
                     . "spinner")
                    :files ("*" (:exclude ".git")) :source "GNU ELPA"
                    :protocol https :inherit t :depth treeless :ref
                    "d4647ae87fb0cd24bc9081a3d287c860ff061c21"))
 (transient :source "elpaca-menu-lock-file" :recipe
            (:package "transient" :fetcher github :repo
                      "magit/transient" :files
                      ("*.el" "*.el.in" "dir" "*.info" "*.texi"
                       "*.texinfo" "doc/dir" "doc/*.info" "doc/*.texi"
                       "doc/*.texinfo" "lisp/*.el" "docs/dir"
                       "docs/*.info" "docs/*.texi" "docs/*.texinfo"
                       (:exclude ".dir-locals.el" "test.el" "tests.el"
                                 "*-test.el" "*-tests.el" "LICENSE"
                                 "README*" "*-pkg.el"))
                      :source "MELPA" :protocol https :inherit t
                      :depth treeless :ref
                      "c9aa876b4cc679b19c736acc5951f6e640bcbbf2"))
 (vertico :source "elpaca-menu-lock-file" :recipe
          (:package "vertico" :repo "minad/vertico" :files
                    (:defaults "extensions/vertico-*.el") :fetcher
                    github :source "MELPA" :protocol https :inherit t
                    :depth treeless :ref
                    "4a11453e9de3d92b566bf0aa032da96b5b2e6770"))
 (with-editor :source "elpaca-menu-lock-file"
   :recipe
   (:package "with-editor" :fetcher github :repo "magit/with-editor"
             :files
             ("*.el" "*.el.in" "dir" "*.info" "*.texi" "*.texinfo"
              "doc/dir" "doc/*.info" "doc/*.texi" "doc/*.texinfo"
              "lisp/*.el" "docs/dir" "docs/*.info" "docs/*.texi"
              "docs/*.texinfo"
              (:exclude ".dir-locals.el" "test.el" "tests.el"
                        "*-test.el" "*-tests.el" "LICENSE" "README*"
                        "*-pkg.el"))
             :source "MELPA" :protocol https :inherit t :depth
             treeless :ref "87a384a0e59260cca41ca8831d98e195b1ec8ada")))
